
Microsoft Visual Studio Solution File, Format Version 12.00
Project("{FAE04EC0-301F-11D3-BF4B-00C04F79EFBC}") = "Web", "Web.csproj", "{B3D82C26-A058-4B25-A5E2-2CB1063D8383}"
EndProject
Project("{2150E333-8FDC-42A3-9474-1A3956D46DE8}") = "Web", "Web", "{8A811772-11C4-4DBF-8EE8-C97734CBEF44}"
EndProject
Project("{2150E333-8FDC-42A3-9474-1A3956D46DE8}") = "Data", "Data", "{0C998C58-70EB-44D3-8963-1674C0635D3A}"
EndProject
Project("{FAE04EC0-301F-11D3-BF4B-00C04F79EFBC}") = "Data", "..\Data\Data\Data.csproj", "{FDC208C1-2FCE-4D9F-9870-232A5E22E661}"
EndProject
Project("{FAE04EC0-301F-11D3-BF4B-00C04F79EFBC}") = "Services", "..\Services\Services\Services.csproj", "{FD939C1B-F1A8-467F-9A50-0CF76AF719DF}"
EndProject
Project("{2150E333-8FDC-42A3-9474-1A3956D46DE8}") = "Services", "Services", "{4513A85F-9E9E-48E0-B8C9-15EA23C2CEF3}"
EndProject
Project("{2150E333-8FDC-42A3-9474-1A3956D46DE8}") = "Models", "Models", "{1F42334B-A28E-4109-828B-AC434CFF2ACF}"
EndProject
Project("{FAE04EC0-301F-11D3-BF4B-00C04F79EFBC}") = "Models", "..\Models\Models\Models.csproj", "{D24C4CC7-887A-44F3-A236-7E7219D8DF2B}"
EndProject
Project("{FAE04EC0-301F-11D3-BF4B-00C04F79EFBC}") = "Common", "..\Services\Common\Common.csproj", "{9436A6BA-2D4A-4191-AB12-7F0D4DD0E92D}"
EndProject
Project("{2150E333-8FDC-42A3-9474-1A3956D46DE8}") = "Tests", "Tests", "{98407512-5476-4EF2-97D6-9A1DD51C8A19}"
EndProject
Project("{FAE04EC0-301F-11D3-BF4B-00C04F79EFBC}") = "Tests", "..\Tests\Tests\Tests.csproj", "{801A8BF6-2C9A-480E-9311-AFE9105C7C92}"
EndProject
Global
	GlobalSection(SolutionConfigurationPlatforms) = preSolution
		Debug|Any CPU = Debug|Any CPU
		Release|Any CPU = Release|Any CPU
	EndGlobalSection
	GlobalSection(ProjectConfigurationPlatforms) = postSolution
		{B3D82C26-A058-4B25-A5E2-2CB1063D8383}.Debug|Any CPU.ActiveCfg = Debug|Any CPU
		{B3D82C26-A058-4B25-A5E2-2CB1063D8383}.Debug|Any CPU.Build.0 = Debug|Any CPU
		{B3D82C26-A058-4B25-A5E2-2CB1063D8383}.Release|Any CPU.ActiveCfg = Release|Any CPU
		{B3D82C26-A058-4B25-A5E2-2CB1063D8383}.Release|Any CPU.Build.0 = Release|Any CPU
		{FDC208C1-2FCE-4D9F-9870-232A5E22E661}.Debug|Any CPU.ActiveCfg = Debug|Any CPU
		{FDC208C1-2FCE-4D9F-9870-232A5E22E661}.Debug|Any CPU.Build.0 = Debug|Any CPU
		{FDC208C1-2FCE-4D9F-9870-232A5E22E661}.Release|Any CPU.ActiveCfg = Release|Any CPU
		{FDC208C1-2FCE-4D9F-9870-232A5E22E661}.Release|Any CPU.Build.0 = Release|Any CPU
		{FD939C1B-F1A8-467F-9A50-0CF76AF719DF}.Debug|Any CPU.ActiveCfg = Debug|Any CPU
		{FD939C1B-F1A8-467F-9A50-0CF76AF719DF}.Debug|Any CPU.Build.0 = Debug|Any CPU
		{FD939C1B-F1A8-467F-9A50-0CF76AF719DF}.Release|Any CPU.ActiveCfg = Release|Any CPU
		{FD939C1B-F1A8-467F-9A50-0CF76AF719DF}.Release|Any CPU.Build.0 = Release|Any CPU
		{D24C4CC7-887A-44F3-A236-7E7219D8DF2B}.Debug|Any CPU.ActiveCfg = Debug|Any CPU
		{D24C4CC7-887A-44F3-A236-7E7219D8DF2B}.Debug|Any CPU.Build.0 = Debug|Any CPU
		{D24C4CC7-887A-44F3-A236-7E7219D8DF2B}.Release|Any CPU.ActiveCfg = Release|Any CPU
		{D24C4CC7-887A-44F3-A236-7E7219D8DF2B}.Release|Any CPU.Build.0 = Release|Any CPU
		{9436A6BA-2D4A-4191-AB12-7F0D4DD0E92D}.Debug|Any CPU.ActiveCfg = Debug|Any CPU
		{9436A6BA-2D4A-4191-AB12-7F0D4DD0E92D}.Debug|Any CPU.Build.0 = Debug|Any CPU
		{9436A6BA-2D4A-4191-AB12-7F0D4DD0E92D}.Release|Any CPU.ActiveCfg = Release|Any CPU
		{9436A6BA-2D4A-4191-AB12-7F0D4DD0E92D}.Release|Any CPU.Build.0 = Release|Any CPU
		{801A8BF6-2C9A-480E-9311-AFE9105C7C92}.Debug|Any CPU.ActiveCfg = Debug|Any CPU
		{801A8BF6-2C9A-480E-9311-AFE9105C7C92}.Debug|Any CPU.Build.0 = Debug|Any CPU
		{801A8BF6-2C9A-480E-9311-AFE9105C7C92}.Release|Any CPU.ActiveCfg = Release|Any CPU
		{801A8BF6-2C9A-480E-9311-AFE9105C7C92}.Release|Any CPU.Build.0 = Release|Any CPU
	EndGlobalSection
	GlobalSection(NestedProjects) = preSolution
		{B3D82C26-A058-4B25-A5E2-2CB1063D8383} = {8A811772-11C4-4DBF-8EE8-C97734CBEF44}
		{FDC208C1-2FCE-4D9F-9870-232A5E22E661} = {0C998C58-70EB-44D3-8963-1674C0635D3A}
		{FD939C1B-F1A8-467F-9A50-0CF76AF719DF} = {4513A85F-9E9E-48E0-B8C9-15EA23C2CEF3}
		{D24C4CC7-887A-44F3-A236-7E7219D8DF2B} = {1F42334B-A28E-4109-828B-AC434CFF2ACF}
		{9436A6BA-2D4A-4191-AB12-7F0D4DD0E92D} = {4513A85F-9E9E-48E0-B8C9-15EA23C2CEF3}
		{801A8BF6-2C9A-480E-9311-AFE9105C7C92} = {98407512-5476-4EF2-97D6-9A1DD51C8A19}
	EndGlobalSection
EndGlobal
